
Microsoft Visual Studio Solution File, Format Version 12.00
# Visual Studio 15
VisualStudioVersion = 15.0.27428.2043
MinimumVisualStudioVersion = 10.0.40219.1
Project("{FAE04EC0-301F-11D3-BF4B-00C04F79EFBC}") = "DatabaseEntity", "DatabaseEntity\DatabaseEntity.csproj", "{49CCECAE-AC34-4ACA-A1D9-4FB0C1771E09}"
EndProject
Project("{FAE04EC0-301F-11D3-BF4B-00C04F79EFBC}") = "EntityWCF", "EntityWCF\EntityWCF.csproj", "{027FB0BC-9E26-4F05-84D1-B37D10E01CF6}"
EndProject
Global
	GlobalSection(SolutionConfigurationPlatforms) = preSolution
		Debug|Any CPU = Debug|Any CPU
		Release|Any CPU = Release|Any CPU
	EndGlobalSection
	GlobalSection(ProjectConfigurationPlatforms) = postSolution
		{49CCECAE-AC34-4ACA-A1D9-4FB0C1771E09}.Debug|Any CPU.ActiveCfg = Debug|Any CPU
		{49CCECAE-AC34-4ACA-A1D9-4FB0C1771E09}.Debug|Any CPU.Build.0 = Debug|Any CPU
		{49CCECAE-AC34-4ACA-A1D9-4FB0C1771E09}.Release|Any CPU.ActiveCfg = Release|Any CPU
		{49CCECAE-AC34-4ACA-A1D9-4FB0C1771E09}.Release|Any CPU.Build.0 = Release|Any CPU
		{027FB0BC-9E26-4F05-84D1-B37D10E01CF6}.Debug|Any CPU.ActiveCfg = Debug|Any CPU
		{027FB0BC-9E26-4F05-84D1-B37D10E01CF6}.Debug|Any CPU.Build.0 = Debug|Any CPU
		{027FB0BC-9E26-4F05-84D1-B37D10E01CF6}.Release|Any CPU.ActiveCfg = Release|Any CPU
		{027FB0BC-9E26-4F05-84D1-B37D10E01CF6}.Release|Any CPU.Build.0 = Release|Any CPU
	EndGlobalSection
	GlobalSection(SolutionProperties) = preSolution
		HideSolutionNode = FALSE
	EndGlobalSection
	GlobalSection(ExtensibilityGlobals) = postSolution
		SolutionGuid = {0FE2F90C-F847-45CE-BC72-E852E38CC673}
	EndGlobalSection
EndGlobal
